
Microsoft Visual Studio Solution File, Format Version 12.00
# Visual Studio Version 17
VisualStudioVersion = 17.2.32616.157
MinimumVisualStudioVersion = 10.0.40219.1
Project("{FAE04EC0-301F-11D3-BF4B-00C04F79EFBC}") = "ClassBasics", "ClassBasics\ClassBasics.csproj", "{F619960B-6D2C-4F70-9E18-6BBD0EB7C985}"
EndProject
Global
	GlobalSection(SolutionConfigurationPlatforms) = preSolution
		Debug|Any CPU = Debug|Any CPU
		Release|Any CPU = Release|Any CPU
	EndGlobalSection
	GlobalSection(ProjectConfigurationPlatforms) = postSolution
		{F619960B-6D2C-4F70-9E18-6BBD0EB7C985}.Debug|Any CPU.ActiveCfg = Debug|Any CPU
		{F619960B-6D2C-4F70-9E18-6BBD0EB7C985}.Debug|Any CPU.Build.0 = Debug|Any CPU
		{F619960B-6D2C-4F70-9E18-6BBD0EB7C985}.Release|Any CPU.ActiveCfg = Release|Any CPU
		{F619960B-6D2C-4F70-9E18-6BBD0EB7C985}.Release|Any CPU.Build.0 = Release|Any CPU
	EndGlobalSection
	GlobalSection(SolutionProperties) = preSolution
		HideSolutionNode = FALSE
	EndGlobalSection
	GlobalSection(ExtensibilityGlobals) = postSolution
		SolutionGuid = {38B83F9D-A1FD-446B-B8FB-F12121604098}
	EndGlobalSection
EndGlobal
